
Microsoft Visual Studio Solution File, Format Version 12.00
# Visual Studio Version 17
VisualStudioVersion = 17.0.31903.59
MinimumVisualStudioVersion = 10.0.40219.1
Project("{9A19103F-16F7-4668-BE54-9A1E7A4F7556}") = "TestApp", "TestApp\TestApp.csproj", "{5A0621A3-4C16-4A16-A7CF-24D89E5588A5}"
EndProject
Project("{9A19103F-16F7-4668-BE54-9A1E7A4F7556}") = "TestApp.Wpf", "TestApp.Wpf\TestApp.Wpf.csproj", "{ABFC3D03-5737-4398-9365-9B3B7BC6199C}"
EndProject
Project("{2150E333-8FDC-42A3-9474-1A3956D46DE8}") = "Lib", "Lib", "{B5B7293B-89F8-4627-9D92-BC92833D8E9E}"
EndProject
Project("{9A19103F-16F7-4668-BE54-9A1E7A4F7556}") = "Ganymede", "..\..\src\Core\Ganymede\Ganymede.csproj", "{31B777AE-8B00-4726-8136-8A049209D245}"
EndProject
Project("{9A19103F-16F7-4668-BE54-9A1E7A4F7556}") = "Ganymede.Wpf", "..\..\src\Core\Ganymede.Wpf\Ganymede.Wpf.csproj", "{DE7B02EA-A205-48B7-97EB-019BF198082F}"
EndProject
Project("{9A19103F-16F7-4668-BE54-9A1E7A4F7556}") = "Ganymede.Proteus", "..\..\src\Bundles\Ganymede.Proteus\Ganymede.Proteus.csproj", "{8FD93A32-AB52-4BF3-B92B-2170E273E382}"
EndProject
Project("{9A19103F-16F7-4668-BE54-9A1E7A4F7556}") = "Ganymede.Proteus.Wpf", "..\..\src\Bundles\Ganymede.Proteus.Wpf\Ganymede.Proteus.Wpf.csproj", "{E5CD9402-EB7B-4B58-87F0-CBCBC9D20635}"
EndProject
Global
	GlobalSection(SolutionConfigurationPlatforms) = preSolution
		Debug|Any CPU = Debug|Any CPU
		Release|Any CPU = Release|Any CPU
	EndGlobalSection
	GlobalSection(ProjectConfigurationPlatforms) = postSolution
		{5A0621A3-4C16-4A16-A7CF-24D89E5588A5}.Debug|Any CPU.ActiveCfg = Debug|Any CPU
		{5A0621A3-4C16-4A16-A7CF-24D89E5588A5}.Debug|Any CPU.Build.0 = Debug|Any CPU
		{5A0621A3-4C16-4A16-A7CF-24D89E5588A5}.Release|Any CPU.ActiveCfg = Release|Any CPU
		{5A0621A3-4C16-4A16-A7CF-24D89E5588A5}.Release|Any CPU.Build.0 = Release|Any CPU
		{ABFC3D03-5737-4398-9365-9B3B7BC6199C}.Debug|Any CPU.ActiveCfg = Debug|Any CPU
		{ABFC3D03-5737-4398-9365-9B3B7BC6199C}.Debug|Any CPU.Build.0 = Debug|Any CPU
		{ABFC3D03-5737-4398-9365-9B3B7BC6199C}.Release|Any CPU.ActiveCfg = Release|Any CPU
		{ABFC3D03-5737-4398-9365-9B3B7BC6199C}.Release|Any CPU.Build.0 = Release|Any CPU
		{31B777AE-8B00-4726-8136-8A049209D245}.Debug|Any CPU.ActiveCfg = Debug|Any CPU
		{31B777AE-8B00-4726-8136-8A049209D245}.Debug|Any CPU.Build.0 = Debug|Any CPU
		{31B777AE-8B00-4726-8136-8A049209D245}.Release|Any CPU.ActiveCfg = Release|Any CPU
		{31B777AE-8B00-4726-8136-8A049209D245}.Release|Any CPU.Build.0 = Release|Any CPU
		{DE7B02EA-A205-48B7-97EB-019BF198082F}.Debug|Any CPU.ActiveCfg = Debug|Any CPU
		{DE7B02EA-A205-48B7-97EB-019BF198082F}.Debug|Any CPU.Build.0 = Debug|Any CPU
		{DE7B02EA-A205-48B7-97EB-019BF198082F}.Release|Any CPU.ActiveCfg = Release|Any CPU
		{DE7B02EA-A205-48B7-97EB-019BF198082F}.Release|Any CPU.Build.0 = Release|Any CPU
		{8FD93A32-AB52-4BF3-B92B-2170E273E382}.Debug|Any CPU.ActiveCfg = Debug|Any CPU
		{8FD93A32-AB52-4BF3-B92B-2170E273E382}.Debug|Any CPU.Build.0 = Debug|Any CPU
		{8FD93A32-AB52-4BF3-B92B-2170E273E382}.Release|Any CPU.ActiveCfg = Release|Any CPU
		{8FD93A32-AB52-4BF3-B92B-2170E273E382}.Release|Any CPU.Build.0 = Release|Any CPU
		{E5CD9402-EB7B-4B58-87F0-CBCBC9D20635}.Debug|Any CPU.ActiveCfg = Debug|Any CPU
		{E5CD9402-EB7B-4B58-87F0-CBCBC9D20635}.Debug|Any CPU.Build.0 = Debug|Any CPU
		{E5CD9402-EB7B-4B58-87F0-CBCBC9D20635}.Release|Any CPU.ActiveCfg = Release|Any CPU
		{E5CD9402-EB7B-4B58-87F0-CBCBC9D20635}.Release|Any CPU.Build.0 = Release|Any CPU
	EndGlobalSection
	GlobalSection(SolutionProperties) = preSolution
		HideSolutionNode = FALSE
	EndGlobalSection
	GlobalSection(NestedProjects) = preSolution
		{31B777AE-8B00-4726-8136-8A049209D245} = {B5B7293B-89F8-4627-9D92-BC92833D8E9E}
		{DE7B02EA-A205-48B7-97EB-019BF198082F} = {B5B7293B-89F8-4627-9D92-BC92833D8E9E}
		{8FD93A32-AB52-4BF3-B92B-2170E273E382} = {B5B7293B-89F8-4627-9D92-BC92833D8E9E}
		{E5CD9402-EB7B-4B58-87F0-CBCBC9D20635} = {B5B7293B-89F8-4627-9D92-BC92833D8E9E}
	EndGlobalSection
EndGlobal
