
Microsoft Visual Studio Solution File, Format Version 12.00
# Visual Studio Version 17
VisualStudioVersion = 17.0.31903.59
MinimumVisualStudioVersion = 10.0.40219.1
Project("{2150E333-8FDC-42A3-9474-1A3956D46DE8}") = "Lib", "Lib", "{35AB5671-B118-47C5-8C60-844BEB6CC2A5}"
EndProject
Project("{9A19103F-16F7-4668-BE54-9A1E7A4F7556}") = "Ganymede", "..\..\src\Core\Ganymede\Ganymede.csproj", "{C4F967CC-C8C6-4B96-8021-932EEEC59660}"
EndProject
Project("{9A19103F-16F7-4668-BE54-9A1E7A4F7556}") = "Ganymede.Wpf", "..\..\src\Core\Ganymede.Wpf\Ganymede.Wpf.csproj", "{F491E8C5-FB79-48C4-8369-4F7D0DC2038E}"
EndProject
Project("{9A19103F-16F7-4668-BE54-9A1E7A4F7556}") = "Ganymede.Proteus", "..\..\src\Bundles\Ganymede.Proteus\Ganymede.Proteus.csproj", "{C84E48DE-BCEF-40A6-B168-C6D1C00CEC0F}"
EndProject
Project("{9A19103F-16F7-4668-BE54-9A1E7A4F7556}") = "Ganymede.Proteus.Wpf", "..\..\src\Bundles\Ganymede.Proteus.Wpf\Ganymede.Proteus.Wpf.csproj", "{FF64CF56-BBE3-44E1-9F30-181B42C83492}"
EndProject
Project("{9A19103F-16F7-4668-BE54-9A1E7A4F7556}") = "Ivie", "Ivie\Ivie.csproj", "{7A5F832A-D73E-489F-83EE-60FA864F3C11}"
EndProject
Project("{9A19103F-16F7-4668-BE54-9A1E7A4F7556}") = "Ivie.Wpf", "Ivie.Wpf\Ivie.Wpf.csproj", "{CDFAE2FD-FC3D-4CFC-A9D8-896E4ABD8873}"
EndProject
Global
	GlobalSection(SolutionConfigurationPlatforms) = preSolution
		Debug|Any CPU = Debug|Any CPU
		Release|Any CPU = Release|Any CPU
	EndGlobalSection
	GlobalSection(ProjectConfigurationPlatforms) = postSolution
		{C4F967CC-C8C6-4B96-8021-932EEEC59660}.Debug|Any CPU.ActiveCfg = Debug|Any CPU
		{C4F967CC-C8C6-4B96-8021-932EEEC59660}.Debug|Any CPU.Build.0 = Debug|Any CPU
		{C4F967CC-C8C6-4B96-8021-932EEEC59660}.Release|Any CPU.ActiveCfg = Release|Any CPU
		{C4F967CC-C8C6-4B96-8021-932EEEC59660}.Release|Any CPU.Build.0 = Release|Any CPU
		{F491E8C5-FB79-48C4-8369-4F7D0DC2038E}.Debug|Any CPU.ActiveCfg = Debug|Any CPU
		{F491E8C5-FB79-48C4-8369-4F7D0DC2038E}.Debug|Any CPU.Build.0 = Debug|Any CPU
		{F491E8C5-FB79-48C4-8369-4F7D0DC2038E}.Release|Any CPU.ActiveCfg = Release|Any CPU
		{F491E8C5-FB79-48C4-8369-4F7D0DC2038E}.Release|Any CPU.Build.0 = Release|Any CPU
		{C84E48DE-BCEF-40A6-B168-C6D1C00CEC0F}.Debug|Any CPU.ActiveCfg = Debug|Any CPU
		{C84E48DE-BCEF-40A6-B168-C6D1C00CEC0F}.Debug|Any CPU.Build.0 = Debug|Any CPU
		{C84E48DE-BCEF-40A6-B168-C6D1C00CEC0F}.Release|Any CPU.ActiveCfg = Release|Any CPU
		{C84E48DE-BCEF-40A6-B168-C6D1C00CEC0F}.Release|Any CPU.Build.0 = Release|Any CPU
		{FF64CF56-BBE3-44E1-9F30-181B42C83492}.Debug|Any CPU.ActiveCfg = Debug|Any CPU
		{FF64CF56-BBE3-44E1-9F30-181B42C83492}.Debug|Any CPU.Build.0 = Debug|Any CPU
		{FF64CF56-BBE3-44E1-9F30-181B42C83492}.Release|Any CPU.ActiveCfg = Release|Any CPU
		{FF64CF56-BBE3-44E1-9F30-181B42C83492}.Release|Any CPU.Build.0 = Release|Any CPU
		{7A5F832A-D73E-489F-83EE-60FA864F3C11}.Debug|Any CPU.ActiveCfg = Debug|Any CPU
		{7A5F832A-D73E-489F-83EE-60FA864F3C11}.Debug|Any CPU.Build.0 = Debug|Any CPU
		{7A5F832A-D73E-489F-83EE-60FA864F3C11}.Release|Any CPU.ActiveCfg = Release|Any CPU
		{7A5F832A-D73E-489F-83EE-60FA864F3C11}.Release|Any CPU.Build.0 = Release|Any CPU
		{CDFAE2FD-FC3D-4CFC-A9D8-896E4ABD8873}.Debug|Any CPU.ActiveCfg = Debug|Any CPU
		{CDFAE2FD-FC3D-4CFC-A9D8-896E4ABD8873}.Debug|Any CPU.Build.0 = Debug|Any CPU
		{CDFAE2FD-FC3D-4CFC-A9D8-896E4ABD8873}.Release|Any CPU.ActiveCfg = Release|Any CPU
		{CDFAE2FD-FC3D-4CFC-A9D8-896E4ABD8873}.Release|Any CPU.Build.0 = Release|Any CPU
	EndGlobalSection
	GlobalSection(SolutionProperties) = preSolution
		HideSolutionNode = FALSE
	EndGlobalSection
	GlobalSection(NestedProjects) = preSolution
		{C4F967CC-C8C6-4B96-8021-932EEEC59660} = {35AB5671-B118-47C5-8C60-844BEB6CC2A5}
		{F491E8C5-FB79-48C4-8369-4F7D0DC2038E} = {35AB5671-B118-47C5-8C60-844BEB6CC2A5}
		{C84E48DE-BCEF-40A6-B168-C6D1C00CEC0F} = {35AB5671-B118-47C5-8C60-844BEB6CC2A5}
		{FF64CF56-BBE3-44E1-9F30-181B42C83492} = {35AB5671-B118-47C5-8C60-844BEB6CC2A5}
	EndGlobalSection
EndGlobal
