
Microsoft Visual Studio Solution File, Format Version 12.00
# Visual Studio Version 16
VisualStudioVersion = 16.0.30621.155
MinimumVisualStudioVersion = 10.0.40219.1
Project("{2150E333-8FDC-42A3-9474-1A3956D46DE8}") = "Core", "Core", "{F4DB00CD-9492-4922-8D8E-9DBE03D07B79}"
EndProject
Project("{9A19103F-16F7-4668-BE54-9A1E7A4F7556}") = "Ganymede", "Core\Ganymede\Ganymede.csproj", "{C644B261-7F2D-4891-A8F3-03A8C87F5CA6}"
EndProject
Project("{2150E333-8FDC-42A3-9474-1A3956D46DE8}") = "Build", "Build", "{F2598D6B-FB98-41E0-88C2-0CBAC6075F70}"
	ProjectSection(SolutionItems) = preProject
		Directory.Build.props = Directory.Build.props
		Directory.Build.targets = Directory.Build.targets
	EndProjectSection
EndProject
Project("{2150E333-8FDC-42A3-9474-1A3956D46DE8}") = "Targets", "Targets", "{ACC222C7-EC89-46DF-9E58-4BA72D23B584}"
	ProjectSection(SolutionItems) = preProject
		Targets\BuildPaths.props = Targets\BuildPaths.props
		Targets\CompileOptions.targets = Targets\CompileOptions.targets
		Targets\GlobalDirectives.targets = Targets\GlobalDirectives.targets
		Targets\PackageInfo.props = Targets\PackageInfo.props
		Targets\PackageVersion.props = Targets\PackageVersion.props
		Targets\Publish.targets = Targets\Publish.targets
	EndProjectSection
EndProject
Project("{2150E333-8FDC-42A3-9474-1A3956D46DE8}") = "Clients", "Clients", "{EB94F0DA-E794-486F-9876-1CDEA2DB7FD6}"
EndProject
Project("{2150E333-8FDC-42A3-9474-1A3956D46DE8}") = "Wpf", "Wpf", "{0DA36F44-8E92-4041-81FA-5D60EB30288E}"
EndProject
Project("{9A19103F-16F7-4668-BE54-9A1E7A4F7556}") = "Ganymede.Mvvm", "Core\Ganymede.Mvvm\Ganymede.Mvvm.csproj", "{3D879733-D324-49C1-85E4-061DEC51BDB7}"
EndProject
Project("{2150E333-8FDC-42A3-9474-1A3956D46DE8}") = "Term", "Term", "{D9FA8F30-3AC0-4E65-99EB-91E18C899749}"
EndProject
Project("{9A19103F-16F7-4668-BE54-9A1E7A4F7556}") = "Ganymede.Client.Term", "Clients\Terminal\Ganymede.Client.Term\Ganymede.Client.Term.csproj", "{9D6468E6-051E-48B2-9B39-4D5B8BD5DA4A}"
EndProject
Project("{2150E333-8FDC-42A3-9474-1A3956D46DE8}") = "UiBrokers", "UiBrokers", "{502CEEC3-06EF-4A7B-8611-8A38AD94C10C}"
EndProject
Project("{9A19103F-16F7-4668-BE54-9A1E7A4F7556}") = "Ganymede.WpfBroker", "UiBrokers\Ganymede.WpfBroker\Ganymede.WpfBroker.csproj", "{599BD100-E87A-4F45-9FFB-B7F6241BF655}"
EndProject
Project("{9A19103F-16F7-4668-BE54-9A1E7A4F7556}") = "Proteus.Slim", "Clients\Wpf\Proteus.Slim\Proteus.Slim.csproj", "{65A2F6F7-DC7F-4FD8-9499-270CC729D96C}"
EndProject
Global
	GlobalSection(SolutionConfigurationPlatforms) = preSolution
		Debug|Any CPU = Debug|Any CPU
		Release|Any CPU = Release|Any CPU
	EndGlobalSection
	GlobalSection(ProjectConfigurationPlatforms) = postSolution
		{C644B261-7F2D-4891-A8F3-03A8C87F5CA6}.Debug|Any CPU.ActiveCfg = Debug|Any CPU
		{C644B261-7F2D-4891-A8F3-03A8C87F5CA6}.Debug|Any CPU.Build.0 = Debug|Any CPU
		{C644B261-7F2D-4891-A8F3-03A8C87F5CA6}.Release|Any CPU.ActiveCfg = Release|Any CPU
		{C644B261-7F2D-4891-A8F3-03A8C87F5CA6}.Release|Any CPU.Build.0 = Release|Any CPU
		{3D879733-D324-49C1-85E4-061DEC51BDB7}.Debug|Any CPU.ActiveCfg = Debug|Any CPU
		{3D879733-D324-49C1-85E4-061DEC51BDB7}.Debug|Any CPU.Build.0 = Debug|Any CPU
		{3D879733-D324-49C1-85E4-061DEC51BDB7}.Release|Any CPU.ActiveCfg = Release|Any CPU
		{3D879733-D324-49C1-85E4-061DEC51BDB7}.Release|Any CPU.Build.0 = Release|Any CPU
		{9D6468E6-051E-48B2-9B39-4D5B8BD5DA4A}.Debug|Any CPU.ActiveCfg = Debug|Any CPU
		{9D6468E6-051E-48B2-9B39-4D5B8BD5DA4A}.Release|Any CPU.ActiveCfg = Release|Any CPU
		{599BD100-E87A-4F45-9FFB-B7F6241BF655}.Debug|Any CPU.ActiveCfg = Debug|Any CPU
		{599BD100-E87A-4F45-9FFB-B7F6241BF655}.Debug|Any CPU.Build.0 = Debug|Any CPU
		{599BD100-E87A-4F45-9FFB-B7F6241BF655}.Release|Any CPU.ActiveCfg = Release|Any CPU
		{599BD100-E87A-4F45-9FFB-B7F6241BF655}.Release|Any CPU.Build.0 = Release|Any CPU
		{65A2F6F7-DC7F-4FD8-9499-270CC729D96C}.Debug|Any CPU.ActiveCfg = Debug|Any CPU
		{65A2F6F7-DC7F-4FD8-9499-270CC729D96C}.Debug|Any CPU.Build.0 = Debug|Any CPU
		{65A2F6F7-DC7F-4FD8-9499-270CC729D96C}.Release|Any CPU.ActiveCfg = Release|Any CPU
		{65A2F6F7-DC7F-4FD8-9499-270CC729D96C}.Release|Any CPU.Build.0 = Release|Any CPU
	EndGlobalSection
	GlobalSection(SolutionProperties) = preSolution
		HideSolutionNode = FALSE
	EndGlobalSection
	GlobalSection(NestedProjects) = preSolution
		{C644B261-7F2D-4891-A8F3-03A8C87F5CA6} = {F4DB00CD-9492-4922-8D8E-9DBE03D07B79}
		{ACC222C7-EC89-46DF-9E58-4BA72D23B584} = {F2598D6B-FB98-41E0-88C2-0CBAC6075F70}
		{0DA36F44-8E92-4041-81FA-5D60EB30288E} = {EB94F0DA-E794-486F-9876-1CDEA2DB7FD6}
		{3D879733-D324-49C1-85E4-061DEC51BDB7} = {F4DB00CD-9492-4922-8D8E-9DBE03D07B79}
		{D9FA8F30-3AC0-4E65-99EB-91E18C899749} = {EB94F0DA-E794-486F-9876-1CDEA2DB7FD6}
		{9D6468E6-051E-48B2-9B39-4D5B8BD5DA4A} = {D9FA8F30-3AC0-4E65-99EB-91E18C899749}
		{599BD100-E87A-4F45-9FFB-B7F6241BF655} = {502CEEC3-06EF-4A7B-8611-8A38AD94C10C}
		{65A2F6F7-DC7F-4FD8-9499-270CC729D96C} = {0DA36F44-8E92-4041-81FA-5D60EB30288E}
	EndGlobalSection
	GlobalSection(ExtensibilityGlobals) = postSolution
		SolutionGuid = {1EB96DB2-E4F3-4CC7-83F6-B51D086408DE}
	EndGlobalSection
EndGlobal
